
Microsoft Visual Studio Solution File, Format Version 12.00
# Visual Studio Version 17
VisualStudioVersion = 17.2.32630.192
MinimumVisualStudioVersion = 10.0.40219.1
Project("{9A19103F-16F7-4668-BE54-9A1E7A4F7556}") = "DAW_Project", "DAW_project\DAW_Project.csproj", "{020B8231-EC32-43F3-A516-0452CB289E6B}"
EndProject
Project("{FAE04EC0-301F-11D3-BF4B-00C04F79EFBC}") = "DAW_Project_UnitTests", "DAW_Project_Tests\DAW_Project_UnitTests.csproj", "{19646322-C4FB-489B-B6AC-71E707512299}"
EndProject
Global
	GlobalSection(SolutionConfigurationPlatforms) = preSolution
		Debug|Any CPU = Debug|Any CPU
		Release|Any CPU = Release|Any CPU
	EndGlobalSection
	GlobalSection(ProjectConfigurationPlatforms) = postSolution
		{020B8231-EC32-43F3-A516-0452CB289E6B}.Debug|Any CPU.ActiveCfg = Debug|Any CPU
		{020B8231-EC32-43F3-A516-0452CB289E6B}.Debug|Any CPU.Build.0 = Debug|Any CPU
		{020B8231-EC32-43F3-A516-0452CB289E6B}.Release|Any CPU.ActiveCfg = Release|Any CPU
		{020B8231-EC32-43F3-A516-0452CB289E6B}.Release|Any CPU.Build.0 = Release|Any CPU
		{19646322-C4FB-489B-B6AC-71E707512299}.Debug|Any CPU.ActiveCfg = Debug|Any CPU
		{19646322-C4FB-489B-B6AC-71E707512299}.Debug|Any CPU.Build.0 = Debug|Any CPU
		{19646322-C4FB-489B-B6AC-71E707512299}.Release|Any CPU.ActiveCfg = Release|Any CPU
		{19646322-C4FB-489B-B6AC-71E707512299}.Release|Any CPU.Build.0 = Release|Any CPU
	EndGlobalSection
	GlobalSection(SolutionProperties) = preSolution
		HideSolutionNode = FALSE
	EndGlobalSection
	GlobalSection(ExtensibilityGlobals) = postSolution
		SolutionGuid = {B70682D4-A400-46B7-9DEA-011001DD177B}
	EndGlobalSection
EndGlobal
